<?xml version="1.0" encoding="utf-8"?>
<Project ToolsVersion="4.0" xmlns="http://schemas.microsoft.com/developer/msbuild/2003">
  <ItemGroup>
    <Filter Include="Quelldateien">
      <UniqueIdentifier>{4FC737F1-C7A5-4376-A066-2A32D752A2FF}</UniqueIdentifier>
      <Extensions>cpp;c;cc;cxx;c++;cppm;ixx;def;odl;idl;hpj;bat;asm;asmx</Extensions>
    </Filter>
    <Filter Include="Headerdateien">
      <UniqueIdentifier>{93995380-89BD-4b04-88EB-625FBE52EBFB}</UniqueIdentifier>
      <Extensions>h;hh;hpp;hxx;h++;hm;inl;inc;ipp;xsd</Extensions>
    </Filter>
    <Filter Include="Ressourcendateien">
      <UniqueIdentifier>{67DA6AB6-F800-4c08-8B7A-83BB121AAD01}</UniqueIdentifier>
      <Extensions>rc;ico;cur;bmp;dlg;rc2;rct;bin;rgs;gif;jpg;jpeg;jpe;resx;tiff;tif;png;wav;mfcribbon-ms</Extensions>
    </Filter>
  </ItemGroup>
  <ItemGroup>
    <ClCompile Include="lib\call_function.cpp">
      <Filter>Quelldateien</Filter>
    </ClCompile>
    <ClCompile Include="lib\ga\ga.cpp">
      <Filter>Quelldateien</Filter>
    </ClCompile>
    <ClCompile Include="lib\core\options.hpp">
      <Filter>Headerdateien</Filter>
    </ClCompile>
    <ClCompile Include="lib\powell\powell.cpp">
      <Filter>Quelldateien</Filter>
    </ClCompile>
    <ClCompile Include="lib\pso\pso.cpp">
      <Filter>Quelldateien</Filter>
    </ClCompile>
    <ClCompile Include="lib\simplex\simplex.cpp">
      <Filter>Quelldateien</Filter>
    </ClCompile>
    <ClCompile Include="src\main.cpp">
      <Filter>Quelldateien</Filter>
    </ClCompile>
    <ClCompile Include="src\init_call.cpp">
      <Filter>Quelldateien</Filter>
    </ClCompile>
    <ClCompile Include="src\test\test_functions.cpp">
      <Filter>Quelldateien</Filter>
    </ClCompile>
    <ClCompile Include="lib\core\zero_function.cpp">
      <Filter>Quelldateien</Filter>
    </ClCompile>
    <ClCompile Include="lib\matrix\matrix.cpp">
      <Filter>Quelldateien</Filter>
    </ClCompile>
    <ClCompile Include="lib\Romberg\Romberg.cpp">
      <Filter>Quelldateien</Filter>
    </ClCompile>
    <ClCompile Include="lib\core\global.cpp">
      <Filter>Quelldateien</Filter>
    </ClCompile>
    <ClCompile Include="lib\pso\networks_psorl.cpp">
      <Filter>Quelldateien</Filter>
    </ClCompile>
  </ItemGroup>
  <ItemGroup>
    <ClInclude Include="lib\call_function.hpp">
      <Filter>Headerdateien</Filter>
    </ClInclude>
    <ClInclude Include="lib\core\optimizer.hpp">
      <Filter>Headerdateien</Filter>
    </ClInclude>
    <ClInclude Include="lib\ga\ga.hpp">
      <Filter>Headerdateien</Filter>
    </ClInclude>
    <ClInclude Include="lib\pso\pso.hpp">
      <Filter>Headerdateien</Filter>
    </ClInclude>
    <ClInclude Include="lib\simplex\simplex.hpp">
      <Filter>Headerdateien</Filter>
    </ClInclude>
    <ClInclude Include="lib\core\zero_function.hpp">
      <Filter>Headerdateien</Filter>
    </ClInclude>
    <ClInclude Include="lib\powell\powell.hpp">
      <Filter>Headerdateien</Filter>
    </ClInclude>
    <ClInclude Include="src\init_call.hpp">
      <Filter>Headerdateien</Filter>
    </ClInclude>
    <ClInclude Include="src\test\test_functions.hpp">
      <Filter>Headerdateien</Filter>
    </ClInclude>
    <ClInclude Include="src\test\old_tests\powell_pso_task_1.hpp">
      <Filter>Headerdateien</Filter>
    </ClInclude>
    <ClInclude Include="src\test\parameters.hpp">
      <Filter>Headerdateien</Filter>
    </ClInclude>
    <ClInclude Include="lib\matrix\matrix.hpp">
      <Filter>Headerdateien</Filter>
    </ClInclude>
    <ClInclude Include="lib\Romberg\Romberg.hpp">
      <Filter>Headerdateien</Filter>
    </ClInclude>
    <ClInclude Include="lib\structs.hpp">
      <Filter>Headerdateien</Filter>
    </ClInclude>
    <ClInclude Include="lib\core\global.hpp">
      <Filter>Headerdateien</Filter>
    </ClInclude>
    <ClInclude Include="lib\pso\networks_psorl.hpp">
      <Filter>Headerdateien</Filter>
    </ClInclude>
  </ItemGroup>
  <ItemGroup>
    <None Include="src\test\old_tests\README.md" />
    <None Include="..\README.md" />
    <None Include="src\model\README_model.md" />
  </ItemGroup>
</Project>